
Microsoft Visual Studio Solution File, Format Version 12.00
# Visual Studio Version 17
VisualStudioVersion = 17.10.35027.167
MinimumVisualStudioVersion = 10.0.40219.1
Project("{9A19103F-16F7-4668-BE54-9A1E7A4F7556}") = "EventManagement.API", "EventManagement.API\EventManagement.API.csproj", "{D09FD7E9-3075-4D4C-8A35-8E5F72A5967A}"
EndProject
Project("{9A19103F-16F7-4668-BE54-9A1E7A4F7556}") = "EventManagement.Core", "EventManagement.Core\EventManagement.Core.csproj", "{01A80878-061E-4964-94F7-B5B4CC0BD529}"
EndProject
Project("{9A19103F-16F7-4668-BE54-9A1E7A4F7556}") = "EventManagement.Data", "EventManagement.Data\EventManagement.Data.csproj", "{9C19C715-35BC-4189-A1F5-351FE2ED2CF1}"
EndProject
Project("{9A19103F-16F7-4668-BE54-9A1E7A4F7556}") = "EventManagement.Common", "EventManagement.Common\EventManagement.Common.csproj", "{9832C1EA-037C-4E18-9FD8-F1043B42493B}"
EndProject
Project("{9A19103F-16F7-4668-BE54-9A1E7A4F7556}") = "EventManagement.Frontend", "EventManagement.Frontend\EventManagement.Frontend.csproj", "{0E012279-E47B-47D4-B5C4-22AF6CAB449C}"
EndProject
Global
	GlobalSection(SolutionConfigurationPlatforms) = preSolution
		Debug|Any CPU = Debug|Any CPU
		Release|Any CPU = Release|Any CPU
	EndGlobalSection
	GlobalSection(ProjectConfigurationPlatforms) = postSolution
		{D09FD7E9-3075-4D4C-8A35-8E5F72A5967A}.Debug|Any CPU.ActiveCfg = Debug|Any CPU
		{D09FD7E9-3075-4D4C-8A35-8E5F72A5967A}.Debug|Any CPU.Build.0 = Debug|Any CPU
		{D09FD7E9-3075-4D4C-8A35-8E5F72A5967A}.Release|Any CPU.ActiveCfg = Release|Any CPU
		{D09FD7E9-3075-4D4C-8A35-8E5F72A5967A}.Release|Any CPU.Build.0 = Release|Any CPU
		{01A80878-061E-4964-94F7-B5B4CC0BD529}.Debug|Any CPU.ActiveCfg = Debug|Any CPU
		{01A80878-061E-4964-94F7-B5B4CC0BD529}.Debug|Any CPU.Build.0 = Debug|Any CPU
		{01A80878-061E-4964-94F7-B5B4CC0BD529}.Release|Any CPU.ActiveCfg = Release|Any CPU
		{01A80878-061E-4964-94F7-B5B4CC0BD529}.Release|Any CPU.Build.0 = Release|Any CPU
		{9C19C715-35BC-4189-A1F5-351FE2ED2CF1}.Debug|Any CPU.ActiveCfg = Debug|Any CPU
		{9C19C715-35BC-4189-A1F5-351FE2ED2CF1}.Debug|Any CPU.Build.0 = Debug|Any CPU
		{9C19C715-35BC-4189-A1F5-351FE2ED2CF1}.Release|Any CPU.ActiveCfg = Release|Any CPU
		{9C19C715-35BC-4189-A1F5-351FE2ED2CF1}.Release|Any CPU.Build.0 = Release|Any CPU
		{9832C1EA-037C-4E18-9FD8-F1043B42493B}.Debug|Any CPU.ActiveCfg = Debug|Any CPU
		{9832C1EA-037C-4E18-9FD8-F1043B42493B}.Debug|Any CPU.Build.0 = Debug|Any CPU
		{9832C1EA-037C-4E18-9FD8-F1043B42493B}.Release|Any CPU.ActiveCfg = Release|Any CPU
		{9832C1EA-037C-4E18-9FD8-F1043B42493B}.Release|Any CPU.Build.0 = Release|Any CPU
		{0E012279-E47B-47D4-B5C4-22AF6CAB449C}.Debug|Any CPU.ActiveCfg = Debug|Any CPU
		{0E012279-E47B-47D4-B5C4-22AF6CAB449C}.Debug|Any CPU.Build.0 = Debug|Any CPU
		{0E012279-E47B-47D4-B5C4-22AF6CAB449C}.Release|Any CPU.ActiveCfg = Release|Any CPU
		{0E012279-E47B-47D4-B5C4-22AF6CAB449C}.Release|Any CPU.Build.0 = Release|Any CPU
	EndGlobalSection
	GlobalSection(SolutionProperties) = preSolution
		HideSolutionNode = FALSE
	EndGlobalSection
	GlobalSection(ExtensibilityGlobals) = postSolution
		SolutionGuid = {4D0ABF78-1A4C-476F-8679-A39283CB504C}
	EndGlobalSection
EndGlobal
